
Microsoft Visual Studio Solution File, Format Version 12.00
# Visual Studio 15
VisualStudioVersion = 15.0.26730.3
MinimumVisualStudioVersion = 10.0.40219.1
Project("{FAE04EC0-301F-11D3-BF4B-00C04F79EFBC}") = "StacksAndQueues.Tests", "StacksAndQueues.Tests\StacksAndQueues.Tests.csproj", "{58AC3A39-6F14-4F0E-A13C-EF7B99A86151}"
EndProject
Project("{FAE04EC0-301F-11D3-BF4B-00C04F79EFBC}") = "StacksAndQueues", "StacksAndQueues\StacksAndQueues.csproj", "{D4278D8A-BF95-4752-BC91-A9A2563DE778}"
EndProject
Global
	GlobalSection(SolutionConfigurationPlatforms) = preSolution
		Debug|Any CPU = Debug|Any CPU
		Release|Any CPU = Release|Any CPU
	EndGlobalSection
	GlobalSection(ProjectConfigurationPlatforms) = postSolution
		{58AC3A39-6F14-4F0E-A13C-EF7B99A86151}.Debug|Any CPU.ActiveCfg = Debug|Any CPU
		{58AC3A39-6F14-4F0E-A13C-EF7B99A86151}.Debug|Any CPU.Build.0 = Debug|Any CPU
		{58AC3A39-6F14-4F0E-A13C-EF7B99A86151}.Release|Any CPU.ActiveCfg = Release|Any CPU
		{58AC3A39-6F14-4F0E-A13C-EF7B99A86151}.Release|Any CPU.Build.0 = Release|Any CPU
		{D4278D8A-BF95-4752-BC91-A9A2563DE778}.Debug|Any CPU.ActiveCfg = Debug|Any CPU
		{D4278D8A-BF95-4752-BC91-A9A2563DE778}.Debug|Any CPU.Build.0 = Debug|Any CPU
		{D4278D8A-BF95-4752-BC91-A9A2563DE778}.Release|Any CPU.ActiveCfg = Release|Any CPU
		{D4278D8A-BF95-4752-BC91-A9A2563DE778}.Release|Any CPU.Build.0 = Release|Any CPU
	EndGlobalSection
	GlobalSection(SolutionProperties) = preSolution
		HideSolutionNode = FALSE
	EndGlobalSection
	GlobalSection(ExtensibilityGlobals) = postSolution
		SolutionGuid = {878EC976-07E1-4DCD-9AB3-821B13BD7A8B}
	EndGlobalSection
EndGlobal
